// !$*UTF8*$!
{
	archiveVersion = 1;
	classes = {
	};
	objectVersion = 50;
	objects = {

/* Begin PBXBuildFile section */
		BB05AB6F25C6C22D00E34717 /* BannerItem.swift in Sources */ = {isa = PBXBuildFile; fileRef = BB05AB6E25C6C22D00E34717 /* BannerItem.swift */; };
		BB05AB7E25C6EE2400E34717 /* Modak.ttf in Resources */ = {isa = PBXBuildFile; fileRef = BB05AB7D25C6EE2400E34717 /* Modak.ttf */; };
		BB05AB8325C6EF3500E34717 /* StrokeText.swift in Sources */ = {isa = PBXBuildFile; fileRef = BB05AB8225C6EF3500E34717 /* StrokeText.swift */; };
		BB0A592425B9C99D001F529A /* MyPage.swift in Sources */ = {isa = PBXBuildFile; fileRef = BB0A592325B9C99D001F529A /* MyPage.swift */; };
		BB0A592925BA50D8001F529A /* Summary.swift in Sources */ = {isa = PBXBuildFile; fileRef = BB0A592825BA50D8001F529A /* Summary.swift */; };
		BB0A592E25BA516A001F529A /* BadgeItem.swift in Sources */ = {isa = PBXBuildFile; fileRef = BB0A592D25BA516A001F529A /* BadgeItem.swift */; };
		BB0A593B25BA585A001F529A /* Badge.swift in Sources */ = {isa = PBXBuildFile; fileRef = BB0A593A25BA585A001F529A /* Badge.swift */; };
		BB0A594025BA6EE4001F529A /* Tier.swift in Sources */ = {isa = PBXBuildFile; fileRef = BB0A593F25BA6EE4001F529A /* Tier.swift */; };
		BB0A594525BA7AB4001F529A /* BadgePanel.swift in Sources */ = {isa = PBXBuildFile; fileRef = BB0A594425BA7AB4001F529A /* BadgePanel.swift */; };
		BB0A595925BAC24B001F529A /* Main.swift in Sources */ = {isa = PBXBuildFile; fileRef = BB0A595825BAC24B001F529A /* Main.swift */; };
		BB0A596525BAC3F2001F529A /* More.swift in Sources */ = {isa = PBXBuildFile; fileRef = BB0A596425BAC3F2001F529A /* More.swift */; };
		BB0A596D25BAD2CF001F529A /* LinkItem.swift in Sources */ = {isa = PBXBuildFile; fileRef = BB0A596C25BAD2CF001F529A /* LinkItem.swift */; };
		BB0A597F25BBB1BC001F529A /* LocationManager.swift in Sources */ = {isa = PBXBuildFile; fileRef = BB0A597E25BBB1BC001F529A /* LocationManager.swift */; };
		BB1C8A1925B874DF0000931A /* Onboarding.swift in Sources */ = {isa = PBXBuildFile; fileRef = BB1C8A1825B874DF0000931A /* Onboarding.swift */; };
		BB1C8A2725B875020000931A /* SearchResult.swift in Sources */ = {isa = PBXBuildFile; fileRef = BB1C8A1F25B875020000931A /* SearchResult.swift */; };
		BB1C8A2825B875020000931A /* Tip.swift in Sources */ = {isa = PBXBuildFile; fileRef = BB1C8A2125B875020000931A /* Tip.swift */; };
		BB1C8A2A25B875020000931A /* NotFound.swift in Sources */ = {isa = PBXBuildFile; fileRef = BB1C8A2325B875020000931A /* NotFound.swift */; };
		BB1C8A2B25B875020000931A /* MapCard.swift in Sources */ = {isa = PBXBuildFile; fileRef = BB1C8A2425B875020000931A /* MapCard.swift */; };
		BB1C8A2D25B875020000931A /* SearchAddress.swift in Sources */ = {isa = PBXBuildFile; fileRef = BB1C8A2625B875020000931A /* SearchAddress.swift */; };
		BB8292CE25BD597200077D8C /* SearchBar.swift in Sources */ = {isa = PBXBuildFile; fileRef = BB8292CD25BD597200077D8C /* SearchBar.swift */; };
		BB8292D425BD59A200077D8C /* LocationSearchService.swift in Sources */ = {isa = PBXBuildFile; fileRef = BB8292D325BD59A200077D8C /* LocationSearchService.swift */; };
		BBAC0F3125C696B900FB81D7 /* LocationPermission.swift in Sources */ = {isa = PBXBuildFile; fileRef = BBAC0F3025C696B800FB81D7 /* LocationPermission.swift */; };
		BBB1EBF225AF3C2100F5EA37 /* StickyApp.swift in Sources */ = {isa = PBXBuildFile; fileRef = BBB1EBF125AF3C2100F5EA37 /* StickyApp.swift */; };
		BBB1EBF625AF3C2100F5EA37 /* Assets.xcassets in Resources */ = {isa = PBXBuildFile; fileRef = BBB1EBF525AF3C2100F5EA37 /* Assets.xcassets */; };
		BBB1EBF925AF3C2100F5EA37 /* Preview Assets.xcassets in Resources */ = {isa = PBXBuildFile; fileRef = BBB1EBF825AF3C2100F5EA37 /* Preview Assets.xcassets */; };
		BBB1EC0425AF3C2200F5EA37 /* StickyTests.swift in Sources */ = {isa = PBXBuildFile; fileRef = BBB1EC0325AF3C2200F5EA37 /* StickyTests.swift */; };
		BBB1EC0F25AF3C2200F5EA37 /* StickyUITests.swift in Sources */ = {isa = PBXBuildFile; fileRef = BBB1EC0E25AF3C2200F5EA37 /* StickyUITests.swift */; };
		BBB1EC4B25B077E500F5EA37 /* Color.swift in Sources */ = {isa = PBXBuildFile; fileRef = BBB1EC4A25B077E500F5EA37 /* Color.swift */; };
		BBB1EC5925B079F700F5EA37 /* Localizable.strings in Resources */ = {isa = PBXBuildFile; fileRef = BBB1EC5B25B079F700F5EA37 /* Localizable.strings */; };
		BBB1EC6725B07B0A00F5EA37 /* String+localize.swift in Sources */ = {isa = PBXBuildFile; fileRef = BBB1EC6625B07B0A00F5EA37 /* String+localize.swift */; };
		BBB1EC7725B0856C00F5EA37 /* EditText.swift in Sources */ = {isa = PBXBuildFile; fileRef = BBB1EC7625B0856C00F5EA37 /* EditText.swift */; };
		BBB1EC8325B0887500F5EA37 /* Indicator.swift in Sources */ = {isa = PBXBuildFile; fileRef = BBB1EC8225B0887500F5EA37 /* Indicator.swift */; };
		BBB1EC8E25B088EA00F5EA37 /* GradientRoundedButton.swift in Sources */ = {isa = PBXBuildFile; fileRef = BBB1EC8D25B088EA00F5EA37 /* GradientRoundedButton.swift */; };
		BBB1ECB825B090A900F5EA37 /* BorderRoundedButton.swift in Sources */ = {isa = PBXBuildFile; fileRef = BBB1ECB725B090A900F5EA37 /* BorderRoundedButton.swift */; };
		BBC66EBD25C4E965007687D7 /* AppMain.swift in Sources */ = {isa = PBXBuildFile; fileRef = BBC66EBC25C4E965007687D7 /* AppMain.swift */; };
		BBC66EC825C4F99E007687D7 /* TimerView.swift in Sources */ = {isa = PBXBuildFile; fileRef = BBC66EC725C4F99E007687D7 /* TimerView.swift */; };
		BBC66EDE25C5197A007687D7 /* RootPresentationMode.swift in Sources */ = {isa = PBXBuildFile; fileRef = BBC66EDD25C5197A007687D7 /* RootPresentationMode.swift */; };
		BBC66F2C25C55BA6007687D7 /* MapView.swift in Sources */ = {isa = PBXBuildFile; fileRef = BBC66F2B25C55BA6007687D7 /* MapView.swift */; };
		BBC66F3225C578B6007687D7 /* Location.swift in Sources */ = {isa = PBXBuildFile; fileRef = BBC66F3125C578B6007687D7 /* Location.swift */; };
		BBC66F3725C57FF2007687D7 /* CLPlacemark+.swift in Sources */ = {isa = PBXBuildFile; fileRef = BBC66F3625C57FF2007687D7 /* CLPlacemark+.swift */; };
		C202D59525BD365F0033B450 /* PopupMessage.swift in Sources */ = {isa = PBXBuildFile; fileRef = C202D59425BD365F0033B450 /* PopupMessage.swift */; };
		C202D5A025BD38CC0033B450 /* PopupStateModel.swift in Sources */ = {isa = PBXBuildFile; fileRef = C202D59F25BD38CC0033B450 /* PopupStateModel.swift */; };
		C2228FCC25BD5EAD00C4DF0B /* MyOperation.swift in Sources */ = {isa = PBXBuildFile; fileRef = C2228FCB25BD5EAD00C4DF0B /* MyOperation.swift */; };
		C2296FF325BD41D300278E61 /* Notification.Name+.swift in Sources */ = {isa = PBXBuildFile; fileRef = C2296FF225BD41D300278E61 /* Notification.Name+.swift */; };
		C277C53825BEF98500ADD2EC /* BottomTimerNotRunning.swift in Sources */ = {isa = PBXBuildFile; fileRef = C277C53725BEF98500ADD2EC /* BottomTimerNotRunning.swift */; };
		C277C53D25BEF9B500ADD2EC /* BottomNotAtHome.swift in Sources */ = {isa = PBXBuildFile; fileRef = C277C53C25BEF9B500ADD2EC /* BottomNotAtHome.swift */; };
		C277C54525BEFC4100ADD2EC /* BottomTimerRunning.swift in Sources */ = {isa = PBXBuildFile; fileRef = C277C54425BEFC4100ADD2EC /* BottomTimerRunning.swift */; };
		C277C5DD25BFFF7100ADD2EC /* Time.swift in Sources */ = {isa = PBXBuildFile; fileRef = C277C5DC25BFFF7100ADD2EC /* Time.swift */; };
		C27893D025C6E1EC001319BE /* RootViewManager.swift in Sources */ = {isa = PBXBuildFile; fileRef = C27893CF25C6E1EC001319BE /* RootViewManager.swift */; };
		C27893DB25C6F3E8001319BE /* BottomOuting.swift in Sources */ = {isa = PBXBuildFile; fileRef = C27893DA25C6F3E8001319BE /* BottomOuting.swift */; };
		C27893EC25C6F5A7001319BE /* Outing.swift in Sources */ = {isa = PBXBuildFile; fileRef = C27893EB25C6F5A7001319BE /* Outing.swift */; };
		C278951025C82ACE001319BE /* OutingCount.swift in Sources */ = {isa = PBXBuildFile; fileRef = C278950F25C82ACE001319BE /* OutingCount.swift */; };
		EB32FA5725B8414500DC3FAE /* CardSlide.swift in Sources */ = {isa = PBXBuildFile; fileRef = EB608B1325B719440061F394 /* CardSlide.swift */; };
		EB32FA5D25B8466200DC3FAE /* View+.swift in Sources */ = {isa = PBXBuildFile; fileRef = EB32FA5C25B8466200DC3FAE /* View+.swift */; };
		EB63F51C25B8257C00151A05 /* Colors.xcassets in Resources */ = {isa = PBXBuildFile; fileRef = EB63F51B25B8257C00151A05 /* Colors.xcassets */; };
		EB63F52225B82C2300151A05 /* Card.swift in Sources */ = {isa = PBXBuildFile; fileRef = EB63F52125B82C2300151A05 /* Card.swift */; };
		EB63F52B25B82CBE00151A05 /* Carousel.swift in Sources */ = {isa = PBXBuildFile; fileRef = EB63F52A25B82CBE00151A05 /* Carousel.swift */; };
		EB63F53325B82D3900151A05 /* CardItem.swift in Sources */ = {isa = PBXBuildFile; fileRef = EB63F53225B82D3900151A05 /* CardItem.swift */; };
		EB77449825B6DE8700BF1103 /* Preview.swift in Sources */ = {isa = PBXBuildFile; fileRef = EB77449725B6DE8700BF1103 /* Preview.swift */; };
		EB77449E25B6E82300BF1103 /* Share.swift in Sources */ = {isa = PBXBuildFile; fileRef = EB77449D25B6E82300BF1103 /* Share.swift */; };
/* End PBXBuildFile section */

/* Begin PBXContainerItemProxy section */
		BBB1EC0025AF3C2200F5EA37 /* PBXContainerItemProxy */ = {
			isa = PBXContainerItemProxy;
			containerPortal = BBB1EBE625AF3C2000F5EA37 /* Project object */;
			proxyType = 1;
			remoteGlobalIDString = BBB1EBED25AF3C2100F5EA37;
			remoteInfo = Sticky;
		};
		BBB1EC0B25AF3C2200F5EA37 /* PBXContainerItemProxy */ = {
			isa = PBXContainerItemProxy;
			containerPortal = BBB1EBE625AF3C2000F5EA37 /* Project object */;
			proxyType = 1;
			remoteGlobalIDString = BBB1EBED25AF3C2100F5EA37;
			remoteInfo = Sticky;
		};
/* End PBXContainerItemProxy section */

/* Begin PBXFileReference section */
		BB05AB6E25C6C22D00E34717 /* BannerItem.swift */ = {isa = PBXFileReference; lastKnownFileType = sourcecode.swift; path = BannerItem.swift; sourceTree = "<group>"; };
		BB05AB7D25C6EE2400E34717 /* Modak.ttf */ = {isa = PBXFileReference; lastKnownFileType = file; path = Modak.ttf; sourceTree = "<group>"; };
		BB05AB8225C6EF3500E34717 /* StrokeText.swift */ = {isa = PBXFileReference; lastKnownFileType = sourcecode.swift; path = StrokeText.swift; sourceTree = "<group>"; };
		BB0A592325B9C99D001F529A /* MyPage.swift */ = {isa = PBXFileReference; lastKnownFileType = sourcecode.swift; path = MyPage.swift; sourceTree = "<group>"; };
		BB0A592825BA50D8001F529A /* Summary.swift */ = {isa = PBXFileReference; lastKnownFileType = sourcecode.swift; path = Summary.swift; sourceTree = "<group>"; };
		BB0A592D25BA516A001F529A /* BadgeItem.swift */ = {isa = PBXFileReference; lastKnownFileType = sourcecode.swift; path = BadgeItem.swift; sourceTree = "<group>"; };
		BB0A593A25BA585A001F529A /* Badge.swift */ = {isa = PBXFileReference; lastKnownFileType = sourcecode.swift; path = Badge.swift; sourceTree = "<group>"; };
		BB0A593F25BA6EE4001F529A /* Tier.swift */ = {isa = PBXFileReference; lastKnownFileType = sourcecode.swift; path = Tier.swift; sourceTree = "<group>"; };
		BB0A594425BA7AB4001F529A /* BadgePanel.swift */ = {isa = PBXFileReference; lastKnownFileType = sourcecode.swift; path = BadgePanel.swift; sourceTree = "<group>"; };
		BB0A595825BAC24B001F529A /* Main.swift */ = {isa = PBXFileReference; lastKnownFileType = sourcecode.swift; path = Main.swift; sourceTree = "<group>"; };
		BB0A596425BAC3F2001F529A /* More.swift */ = {isa = PBXFileReference; lastKnownFileType = sourcecode.swift; path = More.swift; sourceTree = "<group>"; };
		BB0A596C25BAD2CF001F529A /* LinkItem.swift */ = {isa = PBXFileReference; lastKnownFileType = sourcecode.swift; path = LinkItem.swift; sourceTree = "<group>"; };
		BB0A597E25BBB1BC001F529A /* LocationManager.swift */ = {isa = PBXFileReference; lastKnownFileType = sourcecode.swift; path = LocationManager.swift; sourceTree = "<group>"; };
		BB1C8A1825B874DF0000931A /* Onboarding.swift */ = {isa = PBXFileReference; fileEncoding = 4; lastKnownFileType = sourcecode.swift; path = Onboarding.swift; sourceTree = "<group>"; };
		BB1C8A1F25B875020000931A /* SearchResult.swift */ = {isa = PBXFileReference; fileEncoding = 4; lastKnownFileType = sourcecode.swift; path = SearchResult.swift; sourceTree = "<group>"; };
		BB1C8A2125B875020000931A /* Tip.swift */ = {isa = PBXFileReference; fileEncoding = 4; lastKnownFileType = sourcecode.swift; path = Tip.swift; sourceTree = "<group>"; };
		BB1C8A2325B875020000931A /* NotFound.swift */ = {isa = PBXFileReference; fileEncoding = 4; lastKnownFileType = sourcecode.swift; path = NotFound.swift; sourceTree = "<group>"; };
		BB1C8A2425B875020000931A /* MapCard.swift */ = {isa = PBXFileReference; fileEncoding = 4; lastKnownFileType = sourcecode.swift; path = MapCard.swift; sourceTree = "<group>"; };
		BB1C8A2625B875020000931A /* SearchAddress.swift */ = {isa = PBXFileReference; fileEncoding = 4; lastKnownFileType = sourcecode.swift; path = SearchAddress.swift; sourceTree = "<group>"; };
		BB8292CD25BD597200077D8C /* SearchBar.swift */ = {isa = PBXFileReference; lastKnownFileType = sourcecode.swift; path = SearchBar.swift; sourceTree = "<group>"; };
		BB8292D325BD59A200077D8C /* LocationSearchService.swift */ = {isa = PBXFileReference; lastKnownFileType = sourcecode.swift; path = LocationSearchService.swift; sourceTree = "<group>"; };
		BBAC0F3025C696B800FB81D7 /* LocationPermission.swift */ = {isa = PBXFileReference; lastKnownFileType = sourcecode.swift; path = LocationPermission.swift; sourceTree = "<group>"; };
		BBB1EBEE25AF3C2100F5EA37 /* Sticky.app */ = {isa = PBXFileReference; explicitFileType = wrapper.application; includeInIndex = 0; path = Sticky.app; sourceTree = BUILT_PRODUCTS_DIR; };
		BBB1EBF125AF3C2100F5EA37 /* StickyApp.swift */ = {isa = PBXFileReference; lastKnownFileType = sourcecode.swift; path = StickyApp.swift; sourceTree = "<group>"; };
		BBB1EBF525AF3C2100F5EA37 /* Assets.xcassets */ = {isa = PBXFileReference; lastKnownFileType = folder.assetcatalog; path = Assets.xcassets; sourceTree = "<group>"; };
		BBB1EBF825AF3C2100F5EA37 /* Preview Assets.xcassets */ = {isa = PBXFileReference; lastKnownFileType = folder.assetcatalog; path = "Preview Assets.xcassets"; sourceTree = "<group>"; };
		BBB1EBFA25AF3C2100F5EA37 /* Info.plist */ = {isa = PBXFileReference; lastKnownFileType = text.plist.xml; path = Info.plist; sourceTree = "<group>"; };
		BBB1EBFF25AF3C2200F5EA37 /* StickyTests.xctest */ = {isa = PBXFileReference; explicitFileType = wrapper.cfbundle; includeInIndex = 0; path = StickyTests.xctest; sourceTree = BUILT_PRODUCTS_DIR; };
		BBB1EC0325AF3C2200F5EA37 /* StickyTests.swift */ = {isa = PBXFileReference; lastKnownFileType = sourcecode.swift; path = StickyTests.swift; sourceTree = "<group>"; };
		BBB1EC0525AF3C2200F5EA37 /* Info.plist */ = {isa = PBXFileReference; lastKnownFileType = text.plist.xml; path = Info.plist; sourceTree = "<group>"; };
		BBB1EC0A25AF3C2200F5EA37 /* StickyUITests.xctest */ = {isa = PBXFileReference; explicitFileType = wrapper.cfbundle; includeInIndex = 0; path = StickyUITests.xctest; sourceTree = BUILT_PRODUCTS_DIR; };
		BBB1EC0E25AF3C2200F5EA37 /* StickyUITests.swift */ = {isa = PBXFileReference; lastKnownFileType = sourcecode.swift; path = StickyUITests.swift; sourceTree = "<group>"; };
		BBB1EC1025AF3C2200F5EA37 /* Info.plist */ = {isa = PBXFileReference; lastKnownFileType = text.plist.xml; path = Info.plist; sourceTree = "<group>"; };
		BBB1EC4A25B077E500F5EA37 /* Color.swift */ = {isa = PBXFileReference; lastKnownFileType = sourcecode.swift; path = Color.swift; sourceTree = "<group>"; };
		BBB1EC5F25B07A2B00F5EA37 /* ko */ = {isa = PBXFileReference; lastKnownFileType = text.plist.strings; name = ko; path = ko.lproj/Localizable.strings; sourceTree = "<group>"; };
		BBB1EC6625B07B0A00F5EA37 /* String+localize.swift */ = {isa = PBXFileReference; lastKnownFileType = sourcecode.swift; path = "String+localize.swift"; sourceTree = "<group>"; };
		BBB1EC7625B0856C00F5EA37 /* EditText.swift */ = {isa = PBXFileReference; lastKnownFileType = sourcecode.swift; path = EditText.swift; sourceTree = "<group>"; };
		BBB1EC8225B0887500F5EA37 /* Indicator.swift */ = {isa = PBXFileReference; lastKnownFileType = sourcecode.swift; path = Indicator.swift; sourceTree = "<group>"; };
		BBB1EC8D25B088EA00F5EA37 /* GradientRoundedButton.swift */ = {isa = PBXFileReference; lastKnownFileType = sourcecode.swift; path = GradientRoundedButton.swift; sourceTree = "<group>"; };
		BBB1ECB725B090A900F5EA37 /* BorderRoundedButton.swift */ = {isa = PBXFileReference; lastKnownFileType = sourcecode.swift; path = BorderRoundedButton.swift; sourceTree = "<group>"; };
		BBC66EBC25C4E965007687D7 /* AppMain.swift */ = {isa = PBXFileReference; lastKnownFileType = sourcecode.swift; path = AppMain.swift; sourceTree = "<group>"; };
		BBC66EC725C4F99E007687D7 /* TimerView.swift */ = {isa = PBXFileReference; lastKnownFileType = sourcecode.swift; path = TimerView.swift; sourceTree = "<group>"; };
		BBC66EDD25C5197A007687D7 /* RootPresentationMode.swift */ = {isa = PBXFileReference; lastKnownFileType = sourcecode.swift; path = RootPresentationMode.swift; sourceTree = "<group>"; };
		BBC66F2B25C55BA6007687D7 /* MapView.swift */ = {isa = PBXFileReference; lastKnownFileType = sourcecode.swift; path = MapView.swift; sourceTree = "<group>"; };
		BBC66F3125C578B6007687D7 /* Location.swift */ = {isa = PBXFileReference; lastKnownFileType = sourcecode.swift; path = Location.swift; sourceTree = "<group>"; };
		BBC66F3625C57FF2007687D7 /* CLPlacemark+.swift */ = {isa = PBXFileReference; lastKnownFileType = sourcecode.swift; path = "CLPlacemark+.swift"; sourceTree = "<group>"; };
		C202D59425BD365F0033B450 /* PopupMessage.swift */ = {isa = PBXFileReference; lastKnownFileType = sourcecode.swift; path = PopupMessage.swift; sourceTree = "<group>"; };
		C202D59F25BD38CC0033B450 /* PopupStateModel.swift */ = {isa = PBXFileReference; lastKnownFileType = sourcecode.swift; path = PopupStateModel.swift; sourceTree = "<group>"; };
		C2228FCB25BD5EAD00C4DF0B /* MyOperation.swift */ = {isa = PBXFileReference; lastKnownFileType = sourcecode.swift; path = MyOperation.swift; sourceTree = "<group>"; };
		C2296FF225BD41D300278E61 /* Notification.Name+.swift */ = {isa = PBXFileReference; lastKnownFileType = sourcecode.swift; path = "Notification.Name+.swift"; sourceTree = "<group>"; };
		C277C53725BEF98500ADD2EC /* BottomTimerNotRunning.swift */ = {isa = PBXFileReference; lastKnownFileType = sourcecode.swift; path = BottomTimerNotRunning.swift; sourceTree = "<group>"; };
		C277C53C25BEF9B500ADD2EC /* BottomNotAtHome.swift */ = {isa = PBXFileReference; lastKnownFileType = sourcecode.swift; path = BottomNotAtHome.swift; sourceTree = "<group>"; };
		C277C54425BEFC4100ADD2EC /* BottomTimerRunning.swift */ = {isa = PBXFileReference; lastKnownFileType = sourcecode.swift; path = BottomTimerRunning.swift; sourceTree = "<group>"; };
		C277C5DC25BFFF7100ADD2EC /* Time.swift */ = {isa = PBXFileReference; lastKnownFileType = sourcecode.swift; path = Time.swift; sourceTree = "<group>"; };
		C27893CF25C6E1EC001319BE /* RootViewManager.swift */ = {isa = PBXFileReference; lastKnownFileType = sourcecode.swift; path = RootViewManager.swift; sourceTree = "<group>"; };
		C27893DA25C6F3E8001319BE /* BottomOuting.swift */ = {isa = PBXFileReference; lastKnownFileType = sourcecode.swift; path = BottomOuting.swift; sourceTree = "<group>"; };
		C27893EB25C6F5A7001319BE /* Outing.swift */ = {isa = PBXFileReference; lastKnownFileType = sourcecode.swift; path = Outing.swift; sourceTree = "<group>"; };
		C278950F25C82ACE001319BE /* OutingCount.swift */ = {isa = PBXFileReference; lastKnownFileType = sourcecode.swift; path = OutingCount.swift; sourceTree = "<group>"; };
		EB32FA5C25B8466200DC3FAE /* View+.swift */ = {isa = PBXFileReference; lastKnownFileType = sourcecode.swift; path = "View+.swift"; sourceTree = "<group>"; };
		EB608B1325B719440061F394 /* CardSlide.swift */ = {isa = PBXFileReference; lastKnownFileType = sourcecode.swift; path = CardSlide.swift; sourceTree = "<group>"; };
		EB63F51B25B8257C00151A05 /* Colors.xcassets */ = {isa = PBXFileReference; lastKnownFileType = folder.assetcatalog; path = Colors.xcassets; sourceTree = "<group>"; };
		EB63F52125B82C2300151A05 /* Card.swift */ = {isa = PBXFileReference; lastKnownFileType = sourcecode.swift; path = Card.swift; sourceTree = "<group>"; };
		EB63F52A25B82CBE00151A05 /* Carousel.swift */ = {isa = PBXFileReference; lastKnownFileType = sourcecode.swift; path = Carousel.swift; sourceTree = "<group>"; };
		EB63F53225B82D3900151A05 /* CardItem.swift */ = {isa = PBXFileReference; lastKnownFileType = sourcecode.swift; path = CardItem.swift; sourceTree = "<group>"; };
		EB77449725B6DE8700BF1103 /* Preview.swift */ = {isa = PBXFileReference; lastKnownFileType = sourcecode.swift; path = Preview.swift; sourceTree = "<group>"; };
		EB77449D25B6E82300BF1103 /* Share.swift */ = {isa = PBXFileReference; lastKnownFileType = sourcecode.swift; path = Share.swift; sourceTree = "<group>"; };
/* End PBXFileReference section */

/* Begin PBXFrameworksBuildPhase section */
		BBB1EBEB25AF3C2100F5EA37 /* Frameworks */ = {
			isa = PBXFrameworksBuildPhase;
			buildActionMask = 2147483647;
			files = (
			);
			runOnlyForDeploymentPostprocessing = 0;
		};
		BBB1EBFC25AF3C2200F5EA37 /* Frameworks */ = {
			isa = PBXFrameworksBuildPhase;
			buildActionMask = 2147483647;
			files = (
			);
			runOnlyForDeploymentPostprocessing = 0;
		};
		BBB1EC0725AF3C2200F5EA37 /* Frameworks */ = {
			isa = PBXFrameworksBuildPhase;
			buildActionMask = 2147483647;
			files = (
			);
			runOnlyForDeploymentPostprocessing = 0;
		};
/* End PBXFrameworksBuildPhase section */

/* Begin PBXGroup section */
		BB0A591F25B9C927001F529A /* MyPage */ = {
			isa = PBXGroup;
			children = (
				BB0A592225B9C992001F529A /* Views */,
				BB0A592125B9C97D001F529A /* Models */,
				BB0A592025B9C95F001F529A /* Components */,
			);
			path = MyPage;
			sourceTree = "<group>";
		};
		BB0A592025B9C95F001F529A /* Components */ = {
			isa = PBXGroup;
			children = (
				BB0A592825BA50D8001F529A /* Summary.swift */,
				BB0A592D25BA516A001F529A /* BadgeItem.swift */,
				BB0A594425BA7AB4001F529A /* BadgePanel.swift */,
			);
			path = Components;
			sourceTree = "<group>";
		};
		BB0A592125B9C97D001F529A /* Models */ = {
			isa = PBXGroup;
			children = (
				BB0A593A25BA585A001F529A /* Badge.swift */,
				BB0A593F25BA6EE4001F529A /* Tier.swift */,
			);
			path = Models;
			sourceTree = "<group>";
		};
		BB0A592225B9C992001F529A /* Views */ = {
			isa = PBXGroup;
			children = (
				BB0A592325B9C99D001F529A /* MyPage.swift */,
			);
			path = Views;
			sourceTree = "<group>";
		};
		BB0A595425BAC22F001F529A /* Timer */ = {
			isa = PBXGroup;
			children = (
				BB0A595725BAC23E001F529A /* Components */,
				BB0A595525BAC236001F529A /* Views */,
				C277C5DC25BFFF7100ADD2EC /* Time.swift */,
			);
			path = Timer;
			sourceTree = "<group>";
		};
		BB0A595525BAC236001F529A /* Views */ = {
			isa = PBXGroup;
			children = (
				BB0A595825BAC24B001F529A /* Main.swift */,
				C27893EB25C6F5A7001319BE /* Outing.swift */,
			);
			path = Views;
			sourceTree = "<group>";
		};
		BB0A595725BAC23E001F529A /* Components */ = {
			isa = PBXGroup;
			children = (
				C277C53725BEF98500ADD2EC /* BottomTimerNotRunning.swift */,
				C277C53C25BEF9B500ADD2EC /* BottomNotAtHome.swift */,
				C277C54425BEFC4100ADD2EC /* BottomTimerRunning.swift */,
				C27893DA25C6F3E8001319BE /* BottomOuting.swift */,
				BBC66EC725C4F99E007687D7 /* TimerView.swift */,
				BB05AB6E25C6C22D00E34717 /* BannerItem.swift */,
				C278950F25C82ACE001319BE /* OutingCount.swift */,
			);
			path = Components;
			sourceTree = "<group>";
		};
		BB0A596025BAC3DA001F529A /* More */ = {
			isa = PBXGroup;
			children = (
				BB0A596325BAC3E8001F529A /* Models */,
				BB0A596225BAC3E3001F529A /* Components */,
				BB0A596125BAC3DF001F529A /* Views */,
			);
			path = More;
			sourceTree = "<group>";
		};
		BB0A596125BAC3DF001F529A /* Views */ = {
			isa = PBXGroup;
			children = (
				BB0A596425BAC3F2001F529A /* More.swift */,
			);
			path = Views;
			sourceTree = "<group>";
		};
		BB0A596225BAC3E3001F529A /* Components */ = {
			isa = PBXGroup;
			children = (
				BB0A596C25BAD2CF001F529A /* LinkItem.swift */,
			);
			path = Components;
			sourceTree = "<group>";
		};
		BB0A596325BAC3E8001F529A /* Models */ = {
			isa = PBXGroup;
			children = (
			);
			path = Models;
			sourceTree = "<group>";
		};
		BB0A597D25BBB18C001F529A /* Services */ = {
			isa = PBXGroup;
			children = (
				BB0A597E25BBB1BC001F529A /* LocationManager.swift */,
				BB8292D325BD59A200077D8C /* LocationSearchService.swift */,
			);
			path = Services;
			sourceTree = "<group>";
		};
		BB1C8A1E25B875020000931A /* SearchAddress */ = {
			isa = PBXGroup;
			children = (
				BBC66F3025C578AA007687D7 /* Models */,
				BB8292D825BD59BA00077D8C /* Views */,
				BB0A597D25BBB18C001F529A /* Services */,
				BB1C8A2025B875020000931A /* Components */,
			);
			path = SearchAddress;
			sourceTree = "<group>";
		};
		BB1C8A2025B875020000931A /* Components */ = {
			isa = PBXGroup;
			children = (
				BB1C8A2125B875020000931A /* Tip.swift */,
				BB1C8A2325B875020000931A /* NotFound.swift */,
				BB1C8A2425B875020000931A /* MapCard.swift */,
				BB8292CD25BD597200077D8C /* SearchBar.swift */,
				BBC66F2B25C55BA6007687D7 /* MapView.swift */,
			);
			path = Components;
			sourceTree = "<group>";
		};
		BB3D4FCD25B873D100879E49 /* OnBoarding */ = {
			isa = PBXGroup;
			children = (
				BBAC0F2F25C6968E00FB81D7 /* Views */,
				BB1C8A1825B874DF0000931A /* Onboarding.swift */,
			);
			name = OnBoarding;
			path = Onboarding;
			sourceTree = "<group>";
		};
		BB8292D825BD59BA00077D8C /* Views */ = {
			isa = PBXGroup;
			children = (
				BB1C8A1F25B875020000931A /* SearchResult.swift */,
				BB1C8A2625B875020000931A /* SearchAddress.swift */,
			);
			path = Views;
			sourceTree = "<group>";
		};
		BBAC0F2825C65EEC00FB81D7 /* Shared */ = {
			isa = PBXGroup;
			children = (
				BBAC0F2925C65EF600FB81D7 /* Fonts */,
			);
			path = Shared;
			sourceTree = "<group>";
		};
		BBAC0F2925C65EF600FB81D7 /* Fonts */ = {
			isa = PBXGroup;
			children = (
				BB05AB7D25C6EE2400E34717 /* Modak.ttf */,
			);
			path = Fonts;
			sourceTree = "<group>";
		};
		BBAC0F2F25C6968E00FB81D7 /* Views */ = {
			isa = PBXGroup;
			children = (
				BBAC0F3025C696B800FB81D7 /* LocationPermission.swift */,
			);
			path = Views;
			sourceTree = "<group>";
		};
		BBB1EBE525AF3C2000F5EA37 = {
			isa = PBXGroup;
			children = (
				BBB1EBF025AF3C2100F5EA37 /* Sticky */,
				BBB1EC0225AF3C2200F5EA37 /* StickyTests */,
				BBB1EC0D25AF3C2200F5EA37 /* StickyUITests */,
				BBB1EBEF25AF3C2100F5EA37 /* Products */,
			);
			sourceTree = "<group>";
		};
		BBB1EBEF25AF3C2100F5EA37 /* Products */ = {
			isa = PBXGroup;
			children = (
				BBB1EBEE25AF3C2100F5EA37 /* Sticky.app */,
				BBB1EBFF25AF3C2200F5EA37 /* StickyTests.xctest */,
				BBB1EC0A25AF3C2200F5EA37 /* StickyUITests.xctest */,
			);
			name = Products;
			sourceTree = "<group>";
		};
		BBB1EBF025AF3C2100F5EA37 /* Sticky */ = {
			isa = PBXGroup;
			children = (
				BBAC0F2825C65EEC00FB81D7 /* Shared */,
				EB32FA5B25B8465700DC3FAE /* Extensions */,
				BBB1ECCA25B469E700F5EA37 /* Features */,
				BBB1ECCB25B46C3800F5EA37 /* Services */,
				BBB1ECC025B45BE900F5EA37 /* Components */,
				BBB1EBF125AF3C2100F5EA37 /* StickyApp.swift */,
				BBB1EBF525AF3C2100F5EA37 /* Assets.xcassets */,
				EB63F51B25B8257C00151A05 /* Colors.xcassets */,
				BBB1EC5B25B079F700F5EA37 /* Localizable.strings */,
				BBB1EBFA25AF3C2100F5EA37 /* Info.plist */,
				BBB1EC6625B07B0A00F5EA37 /* String+localize.swift */,
				BBB1EC4A25B077E500F5EA37 /* Color.swift */,
				BBB1EBF725AF3C2100F5EA37 /* Preview Content */,
			);
			path = Sticky;
			sourceTree = "<group>";
		};
		BBB1EBF725AF3C2100F5EA37 /* Preview Content */ = {
			isa = PBXGroup;
			children = (
				BBB1EBF825AF3C2100F5EA37 /* Preview Assets.xcassets */,
			);
			path = "Preview Content";
			sourceTree = "<group>";
		};
		BBB1EC0225AF3C2200F5EA37 /* StickyTests */ = {
			isa = PBXGroup;
			children = (
				BBB1EC0325AF3C2200F5EA37 /* StickyTests.swift */,
				BBB1EC0525AF3C2200F5EA37 /* Info.plist */,
			);
			path = StickyTests;
			sourceTree = "<group>";
		};
		BBB1EC0D25AF3C2200F5EA37 /* StickyUITests */ = {
			isa = PBXGroup;
			children = (
				BBB1EC0E25AF3C2200F5EA37 /* StickyUITests.swift */,
				BBB1EC1025AF3C2200F5EA37 /* Info.plist */,
			);
			path = StickyUITests;
			sourceTree = "<group>";
		};
		BBB1ECC025B45BE900F5EA37 /* Components */ = {
			isa = PBXGroup;
			children = (
				BBB1EC7625B0856C00F5EA37 /* EditText.swift */,
				BBB1EC8225B0887500F5EA37 /* Indicator.swift */,
				BBB1EC8D25B088EA00F5EA37 /* GradientRoundedButton.swift */,
				BBB1ECB725B090A900F5EA37 /* BorderRoundedButton.swift */,
				BB05AB8225C6EF3500E34717 /* StrokeText.swift */,
			);
			path = Components;
			sourceTree = "<group>";
		};
		BBB1ECCA25B469E700F5EA37 /* Features */ = {
			isa = PBXGroup;
			children = (
				BB0A596025BAC3DA001F529A /* More */,
				BB0A595425BAC22F001F529A /* Timer */,
				BB0A591F25B9C927001F529A /* MyPage */,
				BB1C8A1E25B875020000931A /* SearchAddress */,
				BB3D4FCD25B873D100879E49 /* OnBoarding */,
				EB77449C25B6E81400BF1103 /* Share */,
				EB77449725B6DE8700BF1103 /* Preview.swift */,
				C202D59425BD365F0033B450 /* PopupMessage.swift */,
				C202D59F25BD38CC0033B450 /* PopupStateModel.swift */,
				BBC66EBC25C4E965007687D7 /* AppMain.swift */,
				BBC66EDD25C5197A007687D7 /* RootPresentationMode.swift */,
				C27893CF25C6E1EC001319BE /* RootViewManager.swift */,
			);
			path = Features;
			sourceTree = "<group>";
		};
		BBB1ECCB25B46C3800F5EA37 /* Services */ = {
			isa = PBXGroup;
			children = (
				C2228FCB25BD5EAD00C4DF0B /* MyOperation.swift */,
			);
			path = Services;
			sourceTree = "<group>";
		};
		BBC66F3025C578AA007687D7 /* Models */ = {
			isa = PBXGroup;
			children = (
				BBC66F3125C578B6007687D7 /* Location.swift */,
			);
			path = Models;
			sourceTree = "<group>";
		};
		EB32FA5025B840D700DC3FAE /* View */ = {
			isa = PBXGroup;
			children = (
				EB77449D25B6E82300BF1103 /* Share.swift */,
			);
			path = View;
			sourceTree = "<group>";
		};
		EB32FA5B25B8465700DC3FAE /* Extensions */ = {
			isa = PBXGroup;
			children = (
				EB32FA5C25B8466200DC3FAE /* View+.swift */,
				C2296FF225BD41D300278E61 /* Notification.Name+.swift */,
				BBC66F3625C57FF2007687D7 /* CLPlacemark+.swift */,
			);
			path = Extensions;
			sourceTree = "<group>";
		};
		EB63F52025B82C0F00151A05 /* Model */ = {
			isa = PBXGroup;
			children = (
				EB63F52125B82C2300151A05 /* Card.swift */,
			);
			path = Model;
			sourceTree = "<group>";
		};
		EB63F52925B82CB000151A05 /* Component */ = {
			isa = PBXGroup;
			children = (
				EB608B1325B719440061F394 /* CardSlide.swift */,
				EB63F52A25B82CBE00151A05 /* Carousel.swift */,
				EB63F53225B82D3900151A05 /* CardItem.swift */,
			);
			path = Component;
			sourceTree = "<group>";
		};
		EB77449C25B6E81400BF1103 /* Share */ = {
			isa = PBXGroup;
			children = (
				EB32FA5025B840D700DC3FAE /* View */,
				EB63F52925B82CB000151A05 /* Component */,
				EB63F52025B82C0F00151A05 /* Model */,
			);
			path = Share;
			sourceTree = "<group>";
		};
/* End PBXGroup section */

/* Begin PBXNativeTarget section */
		BBB1EBED25AF3C2100F5EA37 /* Sticky */ = {
			isa = PBXNativeTarget;
			buildConfigurationList = BBB1EC1325AF3C2200F5EA37 /* Build configuration list for PBXNativeTarget "Sticky" */;
			buildPhases = (
				BBB1EBEA25AF3C2100F5EA37 /* Sources */,
				BBB1EBEB25AF3C2100F5EA37 /* Frameworks */,
				BBB1EBEC25AF3C2100F5EA37 /* Resources */,
			);
			buildRules = (
			);
			dependencies = (
			);
			name = Sticky;
			productName = Sticky;
			productReference = BBB1EBEE25AF3C2100F5EA37 /* Sticky.app */;
			productType = "com.apple.product-type.application";
		};
		BBB1EBFE25AF3C2200F5EA37 /* StickyTests */ = {
			isa = PBXNativeTarget;
			buildConfigurationList = BBB1EC1625AF3C2200F5EA37 /* Build configuration list for PBXNativeTarget "StickyTests" */;
			buildPhases = (
				BBB1EBFB25AF3C2200F5EA37 /* Sources */,
				BBB1EBFC25AF3C2200F5EA37 /* Frameworks */,
				BBB1EBFD25AF3C2200F5EA37 /* Resources */,
			);
			buildRules = (
			);
			dependencies = (
				BBB1EC0125AF3C2200F5EA37 /* PBXTargetDependency */,
			);
			name = StickyTests;
			productName = StickyTests;
			productReference = BBB1EBFF25AF3C2200F5EA37 /* StickyTests.xctest */;
			productType = "com.apple.product-type.bundle.unit-test";
		};
		BBB1EC0925AF3C2200F5EA37 /* StickyUITests */ = {
			isa = PBXNativeTarget;
			buildConfigurationList = BBB1EC1925AF3C2200F5EA37 /* Build configuration list for PBXNativeTarget "StickyUITests" */;
			buildPhases = (
				BBB1EC0625AF3C2200F5EA37 /* Sources */,
				BBB1EC0725AF3C2200F5EA37 /* Frameworks */,
				BBB1EC0825AF3C2200F5EA37 /* Resources */,
			);
			buildRules = (
			);
			dependencies = (
				BBB1EC0C25AF3C2200F5EA37 /* PBXTargetDependency */,
			);
			name = StickyUITests;
			productName = StickyUITests;
			productReference = BBB1EC0A25AF3C2200F5EA37 /* StickyUITests.xctest */;
			productType = "com.apple.product-type.bundle.ui-testing";
		};
/* End PBXNativeTarget section */

/* Begin PBXProject section */
		BBB1EBE625AF3C2000F5EA37 /* Project object */ = {
			isa = PBXProject;
			attributes = {
				LastSwiftUpdateCheck = 1230;
				LastUpgradeCheck = 1230;
				TargetAttributes = {
					BBB1EBED25AF3C2100F5EA37 = {
						CreatedOnToolsVersion = 12.3;
					};
					BBB1EBFE25AF3C2200F5EA37 = {
						CreatedOnToolsVersion = 12.3;
						TestTargetID = BBB1EBED25AF3C2100F5EA37;
					};
					BBB1EC0925AF3C2200F5EA37 = {
						CreatedOnToolsVersion = 12.3;
						TestTargetID = BBB1EBED25AF3C2100F5EA37;
					};
				};
			};
			buildConfigurationList = BBB1EBE925AF3C2000F5EA37 /* Build configuration list for PBXProject "Sticky" */;
			compatibilityVersion = "Xcode 9.3";
			developmentRegion = ko;
			hasScannedForEncodings = 0;
			knownRegions = (
				en,
				ko,
				Base,
			);
			mainGroup = BBB1EBE525AF3C2000F5EA37;
			productRefGroup = BBB1EBEF25AF3C2100F5EA37 /* Products */;
			projectDirPath = "";
			projectRoot = "";
			targets = (
				BBB1EBED25AF3C2100F5EA37 /* Sticky */,
				BBB1EBFE25AF3C2200F5EA37 /* StickyTests */,
				BBB1EC0925AF3C2200F5EA37 /* StickyUITests */,
			);
		};
/* End PBXProject section */

/* Begin PBXResourcesBuildPhase section */
		BBB1EBEC25AF3C2100F5EA37 /* Resources */ = {
			isa = PBXResourcesBuildPhase;
			buildActionMask = 2147483647;
			files = (
				BBB1EC5925B079F700F5EA37 /* Localizable.strings in Resources */,
				EB63F51C25B8257C00151A05 /* Colors.xcassets in Resources */,
				BB05AB7E25C6EE2400E34717 /* Modak.ttf in Resources */,
				BBB1EBF925AF3C2100F5EA37 /* Preview Assets.xcassets in Resources */,
				BBB1EBF625AF3C2100F5EA37 /* Assets.xcassets in Resources */,
			);
			runOnlyForDeploymentPostprocessing = 0;
		};
		BBB1EBFD25AF3C2200F5EA37 /* Resources */ = {
			isa = PBXResourcesBuildPhase;
			buildActionMask = 2147483647;
			files = (
			);
			runOnlyForDeploymentPostprocessing = 0;
		};
		BBB1EC0825AF3C2200F5EA37 /* Resources */ = {
			isa = PBXResourcesBuildPhase;
			buildActionMask = 2147483647;
			files = (
			);
			runOnlyForDeploymentPostprocessing = 0;
		};
/* End PBXResourcesBuildPhase section */

/* Begin PBXSourcesBuildPhase section */
		BBB1EBEA25AF3C2100F5EA37 /* Sources */ = {
			isa = PBXSourcesBuildPhase;
			buildActionMask = 2147483647;
			files = (
				BB1C8A2725B875020000931A /* SearchResult.swift in Sources */,
				BBC66F2C25C55BA6007687D7 /* MapView.swift in Sources */,
				BB1C8A2A25B875020000931A /* NotFound.swift in Sources */,
				BBC66EDE25C5197A007687D7 /* RootPresentationMode.swift in Sources */,
				C27893D025C6E1EC001319BE /* RootViewManager.swift in Sources */,
				C202D5A025BD38CC0033B450 /* PopupStateModel.swift in Sources */,
				BB0A596D25BAD2CF001F529A /* LinkItem.swift in Sources */,
				BBB1EC8325B0887500F5EA37 /* Indicator.swift in Sources */,
				C27893DB25C6F3E8001319BE /* BottomOuting.swift in Sources */,
				BBC66F3725C57FF2007687D7 /* CLPlacemark+.swift in Sources */,
				C2296FF325BD41D300278E61 /* Notification.Name+.swift in Sources */,
				EB63F53325B82D3900151A05 /* CardItem.swift in Sources */,
				EB77449825B6DE8700BF1103 /* Preview.swift in Sources */,
				BB1C8A1925B874DF0000931A /* Onboarding.swift in Sources */,
				BBB1EC6725B07B0A00F5EA37 /* String+localize.swift in Sources */,
				C277C5DD25BFFF7100ADD2EC /* Time.swift in Sources */,
				EB63F52225B82C2300151A05 /* Card.swift in Sources */,
				BB0A596525BAC3F2001F529A /* More.swift in Sources */,
				BB0A594525BA7AB4001F529A /* BadgePanel.swift in Sources */,
				C278951025C82ACE001319BE /* OutingCount.swift in Sources */,
				BBB1EC8E25B088EA00F5EA37 /* GradientRoundedButton.swift in Sources */,
				BB8292D425BD59A200077D8C /* LocationSearchService.swift in Sources */,
				BB0A593B25BA585A001F529A /* Badge.swift in Sources */,
				BB8292CE25BD597200077D8C /* SearchBar.swift in Sources */,
				BB0A595925BAC24B001F529A /* Main.swift in Sources */,
				BB0A595925BAC24B001F529A /* Main.swift in Sources */,
				BB1C8A2D25B875020000931A /* SearchAddress.swift in Sources */,
				BBB1ECB825B090A900F5EA37 /* BorderRoundedButton.swift in Sources */,
				EB32FA5725B8414500DC3FAE /* CardSlide.swift in Sources */,
				BB0A594025BA6EE4001F529A /* Tier.swift in Sources */,
				EB77449E25B6E82300BF1103 /* Share.swift in Sources */,
				BB1C8A2B25B875020000931A /* MapCard.swift in Sources */,
				BBB1EC7725B0856C00F5EA37 /* EditText.swift in Sources */,
				BB0A597F25BBB1BC001F529A /* LocationManager.swift in Sources */,
				C2228FCC25BD5EAD00C4DF0B /* MyOperation.swift in Sources */,
				BBAC0F3125C696B900FB81D7 /* LocationPermission.swift in Sources */,
				BB1C8A2B25B875020000931A /* MapCard.swift in Sources */,
				BBB1EC7725B0856C00F5EA37 /* EditText.swift in Sources */,
				C277C54525BEFC4100ADD2EC /* BottomTimerRunning.swift in Sources */,
				C277C53825BEF98500ADD2EC /* BottomTimerNotRunning.swift in Sources */,
				C277C53D25BEF9B500ADD2EC /* BottomNotAtHome.swift in Sources */,
				BBC66EC825C4F99E007687D7 /* TimerView.swift in Sources */,
				BBC66EBD25C4E965007687D7 /* AppMain.swift in Sources */,
				BB1C8A2825B875020000931A /* Tip.swift in Sources */,
				BB0A592425B9C99D001F529A /* MyPage.swift in Sources */,
				C202D59525BD365F0033B450 /* PopupMessage.swift in Sources */,
				BB0A592E25BA516A001F529A /* BadgeItem.swift in Sources */,
				BB05AB6F25C6C22D00E34717 /* BannerItem.swift in Sources */,
				EB32FA5D25B8466200DC3FAE /* View+.swift in Sources */,
				BB05AB8325C6EF3500E34717 /* StrokeText.swift in Sources */,
				EB63F52B25B82CBE00151A05 /* Carousel.swift in Sources */,
				C27893EC25C6F5A7001319BE /* Outing.swift in Sources */,
				BBB1EC4B25B077E500F5EA37 /* Color.swift in Sources */,
				BB0A592925BA50D8001F529A /* Summary.swift in Sources */,
				BBB1EBF225AF3C2100F5EA37 /* StickyApp.swift in Sources */,
				BBC66F3225C578B6007687D7 /* Location.swift in Sources */,
			);
			runOnlyForDeploymentPostprocessing = 0;
		};
		BBB1EBFB25AF3C2200F5EA37 /* Sources */ = {
			isa = PBXSourcesBuildPhase;
			buildActionMask = 2147483647;
			files = (
				BBB1EC0425AF3C2200F5EA37 /* StickyTests.swift in Sources */,
			);
			runOnlyForDeploymentPostprocessing = 0;
		};
		BBB1EC0625AF3C2200F5EA37 /* Sources */ = {
			isa = PBXSourcesBuildPhase;
			buildActionMask = 2147483647;
			files = (
				BBB1EC0F25AF3C2200F5EA37 /* StickyUITests.swift in Sources */,
			);
			runOnlyForDeploymentPostprocessing = 0;
		};
/* End PBXSourcesBuildPhase section */

/* Begin PBXTargetDependency section */
		BBB1EC0125AF3C2200F5EA37 /* PBXTargetDependency */ = {
			isa = PBXTargetDependency;
			target = BBB1EBED25AF3C2100F5EA37 /* Sticky */;
			targetProxy = BBB1EC0025AF3C2200F5EA37 /* PBXContainerItemProxy */;
		};
		BBB1EC0C25AF3C2200F5EA37 /* PBXTargetDependency */ = {
			isa = PBXTargetDependency;
			target = BBB1EBED25AF3C2100F5EA37 /* Sticky */;
			targetProxy = BBB1EC0B25AF3C2200F5EA37 /* PBXContainerItemProxy */;
		};
/* End PBXTargetDependency section */

/* Begin PBXVariantGroup section */
		BBB1EC5B25B079F700F5EA37 /* Localizable.strings */ = {
			isa = PBXVariantGroup;
			children = (
				BBB1EC5F25B07A2B00F5EA37 /* ko */,
			);
			name = Localizable.strings;
			sourceTree = "<group>";
		};
/* End PBXVariantGroup section */

/* Begin XCBuildConfiguration section */
		BBB1EC1125AF3C2200F5EA37 /* Debug */ = {
			isa = XCBuildConfiguration;
			buildSettings = {
				ALWAYS_SEARCH_USER_PATHS = NO;
				CLANG_ANALYZER_LOCALIZABILITY_NONLOCALIZED = YES;
				CLANG_ANALYZER_NONNULL = YES;
				CLANG_ANALYZER_NUMBER_OBJECT_CONVERSION = YES_AGGRESSIVE;
				CLANG_CXX_LANGUAGE_STANDARD = "gnu++14";
				CLANG_CXX_LIBRARY = "libc++";
				CLANG_ENABLE_MODULES = YES;
				CLANG_ENABLE_OBJC_ARC = YES;
				CLANG_ENABLE_OBJC_WEAK = YES;
				CLANG_WARN_BLOCK_CAPTURE_AUTORELEASING = YES;
				CLANG_WARN_BOOL_CONVERSION = YES;
				CLANG_WARN_COMMA = YES;
				CLANG_WARN_CONSTANT_CONVERSION = YES;
				CLANG_WARN_DEPRECATED_OBJC_IMPLEMENTATIONS = YES;
				CLANG_WARN_DIRECT_OBJC_ISA_USAGE = YES_ERROR;
				CLANG_WARN_DOCUMENTATION_COMMENTS = YES;
				CLANG_WARN_EMPTY_BODY = YES;
				CLANG_WARN_ENUM_CONVERSION = YES;
				CLANG_WARN_INFINITE_RECURSION = YES;
				CLANG_WARN_INT_CONVERSION = YES;
				CLANG_WARN_NON_LITERAL_NULL_CONVERSION = YES;
				CLANG_WARN_OBJC_IMPLICIT_RETAIN_SELF = YES;
				CLANG_WARN_OBJC_LITERAL_CONVERSION = YES;
				CLANG_WARN_OBJC_ROOT_CLASS = YES_ERROR;
				CLANG_WARN_QUOTED_INCLUDE_IN_FRAMEWORK_HEADER = YES;
				CLANG_WARN_RANGE_LOOP_ANALYSIS = YES;
				CLANG_WARN_STRICT_PROTOTYPES = YES;
				CLANG_WARN_SUSPICIOUS_MOVE = YES;
				CLANG_WARN_UNGUARDED_AVAILABILITY = YES_AGGRESSIVE;
				CLANG_WARN_UNREACHABLE_CODE = YES;
				CLANG_WARN__DUPLICATE_METHOD_MATCH = YES;
				COPY_PHASE_STRIP = NO;
				DEBUG_INFORMATION_FORMAT = dwarf;
				ENABLE_STRICT_OBJC_MSGSEND = YES;
				ENABLE_TESTABILITY = YES;
				GCC_C_LANGUAGE_STANDARD = gnu11;
				GCC_DYNAMIC_NO_PIC = NO;
				GCC_NO_COMMON_BLOCKS = YES;
				GCC_OPTIMIZATION_LEVEL = 0;
				GCC_PREPROCESSOR_DEFINITIONS = (
					"DEBUG=1",
					"$(inherited)",
				);
				GCC_WARN_64_TO_32_BIT_CONVERSION = YES;
				GCC_WARN_ABOUT_RETURN_TYPE = YES_ERROR;
				GCC_WARN_UNDECLARED_SELECTOR = YES;
				GCC_WARN_UNINITIALIZED_AUTOS = YES_AGGRESSIVE;
				GCC_WARN_UNUSED_FUNCTION = YES;
				GCC_WARN_UNUSED_VARIABLE = YES;
				IPHONEOS_DEPLOYMENT_TARGET = 14.0;
				MTL_ENABLE_DEBUG_INFO = INCLUDE_SOURCE;
				MTL_FAST_MATH = YES;
				ONLY_ACTIVE_ARCH = YES;
				SDKROOT = iphoneos;
				SWIFT_ACTIVE_COMPILATION_CONDITIONS = DEBUG;
				SWIFT_OPTIMIZATION_LEVEL = "-Onone";
			};
			name = Debug;
		};
		BBB1EC1225AF3C2200F5EA37 /* Release */ = {
			isa = XCBuildConfiguration;
			buildSettings = {
				ALWAYS_SEARCH_USER_PATHS = NO;
				CLANG_ANALYZER_LOCALIZABILITY_NONLOCALIZED = YES;
				CLANG_ANALYZER_NONNULL = YES;
				CLANG_ANALYZER_NUMBER_OBJECT_CONVERSION = YES_AGGRESSIVE;
				CLANG_CXX_LANGUAGE_STANDARD = "gnu++14";
				CLANG_CXX_LIBRARY = "libc++";
				CLANG_ENABLE_MODULES = YES;
				CLANG_ENABLE_OBJC_ARC = YES;
				CLANG_ENABLE_OBJC_WEAK = YES;
				CLANG_WARN_BLOCK_CAPTURE_AUTORELEASING = YES;
				CLANG_WARN_BOOL_CONVERSION = YES;
				CLANG_WARN_COMMA = YES;
				CLANG_WARN_CONSTANT_CONVERSION = YES;
				CLANG_WARN_DEPRECATED_OBJC_IMPLEMENTATIONS = YES;
				CLANG_WARN_DIRECT_OBJC_ISA_USAGE = YES_ERROR;
				CLANG_WARN_DOCUMENTATION_COMMENTS = YES;
				CLANG_WARN_EMPTY_BODY = YES;
				CLANG_WARN_ENUM_CONVERSION = YES;
				CLANG_WARN_INFINITE_RECURSION = YES;
				CLANG_WARN_INT_CONVERSION = YES;
				CLANG_WARN_NON_LITERAL_NULL_CONVERSION = YES;
				CLANG_WARN_OBJC_IMPLICIT_RETAIN_SELF = YES;
				CLANG_WARN_OBJC_LITERAL_CONVERSION = YES;
				CLANG_WARN_OBJC_ROOT_CLASS = YES_ERROR;
				CLANG_WARN_QUOTED_INCLUDE_IN_FRAMEWORK_HEADER = YES;
				CLANG_WARN_RANGE_LOOP_ANALYSIS = YES;
				CLANG_WARN_STRICT_PROTOTYPES = YES;
				CLANG_WARN_SUSPICIOUS_MOVE = YES;
				CLANG_WARN_UNGUARDED_AVAILABILITY = YES_AGGRESSIVE;
				CLANG_WARN_UNREACHABLE_CODE = YES;
				CLANG_WARN__DUPLICATE_METHOD_MATCH = YES;
				COPY_PHASE_STRIP = NO;
				DEBUG_INFORMATION_FORMAT = "dwarf-with-dsym";
				ENABLE_NS_ASSERTIONS = NO;
				ENABLE_STRICT_OBJC_MSGSEND = YES;
				GCC_C_LANGUAGE_STANDARD = gnu11;
				GCC_NO_COMMON_BLOCKS = YES;
				GCC_WARN_64_TO_32_BIT_CONVERSION = YES;
				GCC_WARN_ABOUT_RETURN_TYPE = YES_ERROR;
				GCC_WARN_UNDECLARED_SELECTOR = YES;
				GCC_WARN_UNINITIALIZED_AUTOS = YES_AGGRESSIVE;
				GCC_WARN_UNUSED_FUNCTION = YES;
				GCC_WARN_UNUSED_VARIABLE = YES;
				IPHONEOS_DEPLOYMENT_TARGET = 14.0;
				MTL_ENABLE_DEBUG_INFO = NO;
				MTL_FAST_MATH = YES;
				SDKROOT = iphoneos;
				SWIFT_COMPILATION_MODE = wholemodule;
				SWIFT_OPTIMIZATION_LEVEL = "-O";
				VALIDATE_PRODUCT = YES;
			};
			name = Release;
		};
		BBB1EC1425AF3C2200F5EA37 /* Debug */ = {
			isa = XCBuildConfiguration;
			buildSettings = {
				ASSETCATALOG_COMPILER_GLOBAL_ACCENT_COLOR_NAME = AccentColor;
				CODE_SIGN_IDENTITY = "Apple Development";
				CODE_SIGN_STYLE = Automatic;
				CURRENT_PROJECT_VERSION = 1;
				DEVELOPMENT_ASSET_PATHS = "\"Sticky/Preview Content\"";
				DEVELOPMENT_TEAM = 46A8TRH8G6;
				ENABLE_PREVIEWS = YES;
				INFOPLIST_FILE = Sticky/Info.plist;
				IPHONEOS_DEPLOYMENT_TARGET = 14.0;
				LD_RUNPATH_SEARCH_PATHS = (
					"$(inherited)",
					"@executable_path/Frameworks",
				);
				MARKETING_VERSION = 1.10.1;
				PRODUCT_BUNDLE_IDENTIFIER = com.nexters.18th.adng.Sticky;
				PRODUCT_NAME = "$(TARGET_NAME)";
				PROVISIONING_PROFILE_SPECIFIER = "";
				SWIFT_VERSION = 5.0;
				TARGETED_DEVICE_FAMILY = "1,2";
			};
			name = Debug;
		};
		BBB1EC1525AF3C2200F5EA37 /* Release */ = {
			isa = XCBuildConfiguration;
			buildSettings = {
				ASSETCATALOG_COMPILER_GLOBAL_ACCENT_COLOR_NAME = AccentColor;
				CODE_SIGN_IDENTITY = "Apple Development";
				CODE_SIGN_STYLE = Automatic;
				CURRENT_PROJECT_VERSION = 1;
				DEVELOPMENT_ASSET_PATHS = "\"Sticky/Preview Content\"";
				DEVELOPMENT_TEAM = 46A8TRH8G6;
				ENABLE_PREVIEWS = YES;
				INFOPLIST_FILE = Sticky/Info.plist;
				IPHONEOS_DEPLOYMENT_TARGET = 14.0;
				LD_RUNPATH_SEARCH_PATHS = (
					"$(inherited)",
					"@executable_path/Frameworks",
				);
				MARKETING_VERSION = 1.10.1;
				PRODUCT_BUNDLE_IDENTIFIER = com.nexters.18th.adng.Sticky;
				PRODUCT_NAME = "$(TARGET_NAME)";
				PROVISIONING_PROFILE_SPECIFIER = "";
				SWIFT_VERSION = 5.0;
				TARGETED_DEVICE_FAMILY = "1,2";
			};
			name = Release;
		};
		BBB1EC1725AF3C2200F5EA37 /* Debug */ = {
			isa = XCBuildConfiguration;
			buildSettings = {
				ALWAYS_EMBED_SWIFT_STANDARD_LIBRARIES = YES;
				BUNDLE_LOADER = "$(TEST_HOST)";
				CODE_SIGN_STYLE = Automatic;
				DEVELOPMENT_TEAM = M75SXEJ86F;
				INFOPLIST_FILE = StickyTests/Info.plist;
				IPHONEOS_DEPLOYMENT_TARGET = 14.0;
				LD_RUNPATH_SEARCH_PATHS = (
					"$(inherited)",
					"@executable_path/Frameworks",
					"@loader_path/Frameworks",
				);
				PRODUCT_BUNDLE_IDENTIFIER = com.nexters.18th.adng.StickyTests;
				PRODUCT_NAME = "$(TARGET_NAME)";
				SWIFT_VERSION = 5.0;
				TARGETED_DEVICE_FAMILY = "1,2";
				TEST_HOST = "$(BUILT_PRODUCTS_DIR)/Sticky.app/Sticky";
			};
			name = Debug;
		};
		BBB1EC1825AF3C2200F5EA37 /* Release */ = {
			isa = XCBuildConfiguration;
			buildSettings = {
				ALWAYS_EMBED_SWIFT_STANDARD_LIBRARIES = YES;
				BUNDLE_LOADER = "$(TEST_HOST)";
				CODE_SIGN_STYLE = Automatic;
				DEVELOPMENT_TEAM = M75SXEJ86F;
				INFOPLIST_FILE = StickyTests/Info.plist;
				IPHONEOS_DEPLOYMENT_TARGET = 14.0;
				LD_RUNPATH_SEARCH_PATHS = (
					"$(inherited)",
					"@executable_path/Frameworks",
					"@loader_path/Frameworks",
				);
				PRODUCT_BUNDLE_IDENTIFIER = com.nexters.18th.adng.StickyTests;
				PRODUCT_NAME = "$(TARGET_NAME)";
				SWIFT_VERSION = 5.0;
				TARGETED_DEVICE_FAMILY = "1,2";
				TEST_HOST = "$(BUILT_PRODUCTS_DIR)/Sticky.app/Sticky";
			};
			name = Release;
		};
		BBB1EC1A25AF3C2200F5EA37 /* Debug */ = {
			isa = XCBuildConfiguration;
			buildSettings = {
				ALWAYS_EMBED_SWIFT_STANDARD_LIBRARIES = YES;
				CODE_SIGN_STYLE = Automatic;
				DEVELOPMENT_TEAM = M75SXEJ86F;
				INFOPLIST_FILE = StickyUITests/Info.plist;
				LD_RUNPATH_SEARCH_PATHS = (
					"$(inherited)",
					"@executable_path/Frameworks",
					"@loader_path/Frameworks",
				);
				PRODUCT_BUNDLE_IDENTIFIER = com.nexters.18th.adng.StickyUITests;
				PRODUCT_NAME = "$(TARGET_NAME)";
				SWIFT_VERSION = 5.0;
				TARGETED_DEVICE_FAMILY = "1,2";
				TEST_TARGET_NAME = Sticky;
			};
			name = Debug;
		};
		BBB1EC1B25AF3C2200F5EA37 /* Release */ = {
			isa = XCBuildConfiguration;
			buildSettings = {
				ALWAYS_EMBED_SWIFT_STANDARD_LIBRARIES = YES;
				CODE_SIGN_STYLE = Automatic;
				DEVELOPMENT_TEAM = M75SXEJ86F;
				INFOPLIST_FILE = StickyUITests/Info.plist;
				LD_RUNPATH_SEARCH_PATHS = (
					"$(inherited)",
					"@executable_path/Frameworks",
					"@loader_path/Frameworks",
				);
				PRODUCT_BUNDLE_IDENTIFIER = com.nexters.18th.adng.StickyUITests;
				PRODUCT_NAME = "$(TARGET_NAME)";
				SWIFT_VERSION = 5.0;
				TARGETED_DEVICE_FAMILY = "1,2";
				TEST_TARGET_NAME = Sticky;
			};
			name = Release;
		};
/* End XCBuildConfiguration section */

/* Begin XCConfigurationList section */
		BBB1EBE925AF3C2000F5EA37 /* Build configuration list for PBXProject "Sticky" */ = {
			isa = XCConfigurationList;
			buildConfigurations = (
				BBB1EC1125AF3C2200F5EA37 /* Debug */,
				BBB1EC1225AF3C2200F5EA37 /* Release */,
			);
			defaultConfigurationIsVisible = 0;
			defaultConfigurationName = Release;
		};
		BBB1EC1325AF3C2200F5EA37 /* Build configuration list for PBXNativeTarget "Sticky" */ = {
			isa = XCConfigurationList;
			buildConfigurations = (
				BBB1EC1425AF3C2200F5EA37 /* Debug */,
				BBB1EC1525AF3C2200F5EA37 /* Release */,
			);
			defaultConfigurationIsVisible = 0;
			defaultConfigurationName = Release;
		};
		BBB1EC1625AF3C2200F5EA37 /* Build configuration list for PBXNativeTarget "StickyTests" */ = {
			isa = XCConfigurationList;
			buildConfigurations = (
				BBB1EC1725AF3C2200F5EA37 /* Debug */,
				BBB1EC1825AF3C2200F5EA37 /* Release */,
			);
			defaultConfigurationIsVisible = 0;
			defaultConfigurationName = Release;
		};
		BBB1EC1925AF3C2200F5EA37 /* Build configuration list for PBXNativeTarget "StickyUITests" */ = {
			isa = XCConfigurationList;
			buildConfigurations = (
				BBB1EC1A25AF3C2200F5EA37 /* Debug */,
				BBB1EC1B25AF3C2200F5EA37 /* Release */,
			);
			defaultConfigurationIsVisible = 0;
			defaultConfigurationName = Release;
		};
/* End XCConfigurationList section */
	};
	rootObject = BBB1EBE625AF3C2000F5EA37 /* Project object */;
}
